// !$*UTF8*$!
{
	archiveVersion = 1;
	classes = {
	};
	objectVersion = 46;
	objects = {

/* Begin PBXBuildFile section */
		34F3A5241E75CDA5007EFBEF /* AppDelegate.swift in Sources */ = {isa = PBXBuildFile; fileRef = 34F3A5231E75CDA5007EFBEF /* AppDelegate.swift */; };
		34F3A5261E75CDA5007EFBEF /* ViewController.swift in Sources */ = {isa = PBXBuildFile; fileRef = 34F3A5251E75CDA5007EFBEF /* ViewController.swift */; };
		34F3A5291E75CDA5007EFBEF /* Main.storyboard in Resources */ = {isa = PBXBuildFile; fileRef = 34F3A5271E75CDA5007EFBEF /* Main.storyboard */; };
		34F3A52B1E75CDA5007EFBEF /* Assets.xcassets in Resources */ = {isa = PBXBuildFile; fileRef = 34F3A52A1E75CDA5007EFBEF /* Assets.xcassets */; };
		34F3A5361E75FB0C007EFBEF /* AboutViewController.swift in Sources */ = {isa = PBXBuildFile; fileRef = 34F3A5351E75FB0C007EFBEF /* AboutViewController.swift */; };
		34F3A53C1E7726C0007EFBEF /* BullsEye.html in Resources */ = {isa = PBXBuildFile; fileRef = 34F3A53B1E7726C0007EFBEF /* BullsEye.html */; };
		34F3A53E1E772AAE007EFBEF /* Default-568h@2x.png in Resources */ = {isa = PBXBuildFile; fileRef = 34F3A53D1E772AAE007EFBEF /* Default-568h@2x.png */; };
/* End PBXBuildFile section */

/* Begin PBXFileReference section */
		34F3A5201E75CDA4007EFBEF /* BullsEye.app */ = {isa = PBXFileReference; explicitFileType = wrapper.application; includeInIndex = 0; path = BullsEye.app; sourceTree = BUILT_PRODUCTS_DIR; };
		34F3A5231E75CDA5007EFBEF /* AppDelegate.swift */ = {isa = PBXFileReference; lastKnownFileType = sourcecode.swift; path = AppDelegate.swift; sourceTree = "<group>"; };
		34F3A5251E75CDA5007EFBEF /* ViewController.swift */ = {isa = PBXFileReference; lastKnownFileType = sourcecode.swift; path = ViewController.swift; sourceTree = "<group>"; };
		34F3A5281E75CDA5007EFBEF /* Base */ = {isa = PBXFileReference; lastKnownFileType = file.storyboard; name = Base; path = Base.lproj/Main.storyboard; sourceTree = "<group>"; };
		34F3A52A1E75CDA5007EFBEF /* Assets.xcassets */ = {isa = PBXFileReference; lastKnownFileType = folder.assetcatalog; path = Assets.xcassets; sourceTree = "<group>"; };
		34F3A52F1E75CDA5007EFBEF /* Info.plist */ = {isa = PBXFileReference; lastKnownFileType = text.plist.xml; path = Info.plist; sourceTree = "<group>"; };
		34F3A5351E75FB0C007EFBEF /* AboutViewController.swift */ = {isa = PBXFileReference; fileEncoding = 4; lastKnownFileType = sourcecode.swift; path = AboutViewController.swift; sourceTree = "<group>"; };
		34F3A53B1E7726C0007EFBEF /* BullsEye.html */ = {isa = PBXFileReference; fileEncoding = 4; lastKnownFileType = text.html; path = BullsEye.html; sourceTree = "<group>"; };
		34F3A53D1E772AAE007EFBEF /* Default-568h@2x.png */ = {isa = PBXFileReference; lastKnownFileType = image.png; path = "Default-568h@2x.png"; sourceTree = "<group>"; };
/* End PBXFileReference section */

/* Begin PBXFrameworksBuildPhase section */
		34F3A51D1E75CDA2007EFBEF /* Frameworks */ = {
			isa = PBXFrameworksBuildPhase;
			buildActionMask = 2147483647;
			files = (
			);
			runOnlyForDeploymentPostprocessing = 0;
		};
/* End PBXFrameworksBuildPhase section */

/* Begin PBXGroup section */
		34F3A5171E75CDA1007EFBEF = {
			isa = PBXGroup;
			children = (
				34F3A5221E75CDA5007EFBEF /* BullsEye */,
				34F3A5211E75CDA4007EFBEF /* Products */,
			);
			sourceTree = "<group>";
		};
		34F3A5211E75CDA4007EFBEF /* Products */ = {
			isa = PBXGroup;
			children = (
				34F3A5201E75CDA4007EFBEF /* BullsEye.app */,
			);
			name = Products;
			sourceTree = "<group>";
		};
		34F3A5221E75CDA5007EFBEF /* BullsEye */ = {
			isa = PBXGroup;
			children = (
				34F3A53D1E772AAE007EFBEF /* Default-568h@2x.png */,
				34F3A53B1E7726C0007EFBEF /* BullsEye.html */,
				34F3A5231E75CDA5007EFBEF /* AppDelegate.swift */,
				34F3A5251E75CDA5007EFBEF /* ViewController.swift */,
				34F3A5351E75FB0C007EFBEF /* AboutViewController.swift */,
				34F3A5271E75CDA5007EFBEF /* Main.storyboard */,
				34F3A52A1E75CDA5007EFBEF /* Assets.xcassets */,
				34F3A52F1E75CDA5007EFBEF /* Info.plist */,
			);
			path = BullsEye;
			sourceTree = "<group>";
		};
/* End PBXGroup section */

/* Begin PBXNativeTarget section */
		34F3A51F1E75CDA2007EFBEF /* BullsEye */ = {
			isa = PBXNativeTarget;
			buildConfigurationList = 34F3A5321E75CDA5007EFBEF /* Build configuration list for PBXNativeTarget "BullsEye" */;
			buildPhases = (
				34F3A51C1E75CDA2007EFBEF /* Sources */,
				34F3A51D1E75CDA2007EFBEF /* Frameworks */,
				34F3A51E1E75CDA2007EFBEF /* Resources */,
			);
			buildRules = (
			);
			dependencies = (
			);
			name = BullsEye;
			productName = BullsEye;
			productReference = 34F3A5201E75CDA4007EFBEF /* BullsEye.app */;
			productType = "com.apple.product-type.application";
		};
/* End PBXNativeTarget section */

/* Begin PBXProject section */
		34F3A5181E75CDA1007EFBEF /* Project object */ = {
			isa = PBXProject;
			attributes = {
				LastSwiftUpdateCheck = 0820;
				LastUpgradeCheck = 0820;
				ORGANIZATIONNAME = "Dmitry Cherkasov";
				TargetAttributes = {
					34F3A51F1E75CDA2007EFBEF = {
						CreatedOnToolsVersion = 8.2.1;
						DevelopmentTeam = E54W6PQWX4;
						ProvisioningStyle = Automatic;
					};
				};
			};
			buildConfigurationList = 34F3A51B1E75CDA1007EFBEF /* Build configuration list for PBXProject "BullsEye" */;
			compatibilityVersion = "Xcode 3.2";
			developmentRegion = English;
			hasScannedForEncodings = 0;
			knownRegions = (
				en,
				Base,
			);
			mainGroup = 34F3A5171E75CDA1007EFBEF;
			productRefGroup = 34F3A5211E75CDA4007EFBEF /* Products */;
			projectDirPath = "";
			projectRoot = "";
			targets = (
				34F3A51F1E75CDA2007EFBEF /* BullsEye */,
			);
		};
/* End PBXProject section */

/* Begin PBXResourcesBuildPhase section */
		34F3A51E1E75CDA2007EFBEF /* Resources */ = {
			isa = PBXResourcesBuildPhase;
			buildActionMask = 2147483647;
			files = (
				34F3A53C1E7726C0007EFBEF /* BullsEye.html in Resources */,
				34F3A53E1E772AAE007EFBEF /* Default-568h@2x.png in Resources */,
				34F3A52B1E75CDA5007EFBEF /* Assets.xcassets in Resources */,
				34F3A5291E75CDA5007EFBEF /* Main.storyboard in Resources */,
			);
			runOnlyForDeploymentPostprocessing = 0;
		};
/* End PBXResourcesBuildPhase section */

/* Begin PBXSourcesBuildPhase section */
		34F3A51C1E75CDA2007EFBEF /* Sources */ = {
			isa = PBXSourcesBuildPhase;
			buildActionMask = 2147483647;
			files = (
				34F3A5361E75FB0C007EFBEF /* AboutViewController.swift in Sources */,
				34F3A5261E75CDA5007EFBEF /* ViewController.swift in Sources */,
				34F3A5241E75CDA5007EFBEF /* AppDelegate.swift in Sources */,
			);
			runOnlyForDeploymentPostprocessing = 0;
		};
/* End PBXSourcesBuildPhase section */

/* Begin PBXVariantGroup section */
		34F3A5271E75CDA5007EFBEF /* Main.storyboard */ = {
			isa = PBXVariantGroup;
			children = (
				34F3A5281E75CDA5007EFBEF /* Base */,
			);
			name = Main.storyboard;
			sourceTree = "<group>";
		};
/* End PBXVariantGroup section */

/* Begin XCBuildConfiguration section */
		34F3A5301E75CDA5007EFBEF /* Debug */ = {
			isa = XCBuildConfiguration;
			buildSettings = {
				ALWAYS_SEARCH_USER_PATHS = NO;
				CLANG_ANALYZER_NONNULL = YES;
				CLANG_CXX_LANGUAGE_STANDARD = "gnu++0x";
				CLANG_CXX_LIBRARY = "libc++";
				CLANG_ENABLE_MODULES = YES;
				CLANG_ENABLE_OBJC_ARC = YES;
				CLANG_WARN_BOOL_CONVERSION = YES;
				CLANG_WARN_CONSTANT_CONVERSION = YES;
				CLANG_WARN_DIRECT_OBJC_ISA_USAGE = YES_ERROR;
				CLANG_WARN_DOCUMENTATION_COMMENTS = YES;
				CLANG_WARN_EMPTY_BODY = YES;
				CLANG_WARN_ENUM_CONVERSION = YES;
				CLANG_WARN_INFINITE_RECURSION = YES;
				CLANG_WARN_INT_CONVERSION = YES;
				CLANG_WARN_OBJC_ROOT_CLASS = YES_ERROR;
				CLANG_WARN_SUSPICIOUS_MOVE = YES;
				CLANG_WARN_UNREACHABLE_CODE = YES;
				CLANG_WARN__DUPLICATE_METHOD_MATCH = YES;
				"CODE_SIGN_IDENTITY[sdk=iphoneos*]" = "iPhone Developer";
				COPY_PHASE_STRIP = NO;
				DEBUG_INFORMATION_FORMAT = dwarf;
				ENABLE_STRICT_OBJC_MSGSEND = YES;
				ENABLE_TESTABILITY = YES;
				GCC_C_LANGUAGE_STANDARD = gnu99;
				GCC_DYNAMIC_NO_PIC = NO;
				GCC_NO_COMMON_BLOCKS = YES;
				GCC_OPTIMIZATION_LEVEL = 0;
				GCC_PREPROCESSOR_DEFINITIONS = (
					"DEBUG=1",
					"$(inherited)",
				);
				GCC_WARN_64_TO_32_BIT_CONVERSION = YES;
				GCC_WARN_ABOUT_RETURN_TYPE = YES_ERROR;
				GCC_WARN_UNDECLARED_SELECTOR = YES;
				GCC_WARN_UNINITIALIZED_AUTOS = YES_AGGRESSIVE;
				GCC_WARN_UNUSED_FUNCTION = YES;
				GCC_WARN_UNUSED_VARIABLE = YES;
				IPHONEOS_DEPLOYMENT_TARGET = 10.2;
				MTL_ENABLE_DEBUG_INFO = YES;
				ONLY_ACTIVE_ARCH = YES;
				SDKROOT = iphoneos;
				SWIFT_ACTIVE_COMPILATION_CONDITIONS = DEBUG;
				SWIFT_OPTIMIZATION_LEVEL = "-Onone";
				TARGETED_DEVICE_FAMILY = "1,2";
			};
			name = Debug;
		};
		34F3A5311E75CDA5007EFBEF /* Release */ = {
			isa = XCBuildConfiguration;
			buildSettings = {
				ALWAYS_SEARCH_USER_PATHS = NO;
				CLANG_ANALYZER_NONNULL = YES;
				CLANG_CXX_LANGUAGE_STANDARD = "gnu++0x";
				CLANG_CXX_LIBRARY = "libc++";
				CLANG_ENABLE_MODULES = YES;
				CLANG_ENABLE_OBJC_ARC = YES;
				CLANG_WARN_BOOL_CONVERSION = YES;
				CLANG_WARN_CONSTANT_CONVERSION = YES;
				CLANG_WARN_DIRECT_OBJC_ISA_USAGE = YES_ERROR;
				CLANG_WARN_DOCUMENTATION_COMMENTS = YES;
				CLANG_WARN_EMPTY_BODY = YES;
				CLANG_WARN_ENUM_CONVERSION = YES;
				CLANG_WARN_INFINITE_RECURSION = YES;
				CLANG_WARN_INT_CONVERSION = YES;
				CLANG_WARN_OBJC_ROOT_CLASS = YES_ERROR;
				CLANG_WARN_SUSPICIOUS_MOVE = YES;
				CLANG_WARN_UNREACHABLE_CODE = YES;
				CLANG_WARN__DUPLICATE_METHOD_MATCH = YES;
				"CODE_SIGN_IDENTITY[sdk=iphoneos*]" = "iPhone Developer";
				COPY_PHASE_STRIP = NO;
				DEBUG_INFORMATION_FORMAT = "dwarf-with-dsym";
				ENABLE_NS_ASSERTIONS = NO;
				ENABLE_STRICT_OBJC_MSGSEND = YES;
				GCC_C_LANGUAGE_STANDARD = gnu99;
				GCC_NO_COMMON_BLOCKS = YES;
				GCC_WARN_64_TO_32_BIT_CONVERSION = YES;
				GCC_WARN_ABOUT_RETURN_TYPE = YES_ERROR;
				GCC_WARN_UNDECLARED_SELECTOR = YES;
				GCC_WARN_UNINITIALIZED_AUTOS = YES_AGGRESSIVE;
				GCC_WARN_UNUSED_FUNCTION = YES;
				GCC_WARN_UNUSED_VARIABLE = YES;
				IPHONEOS_DEPLOYMENT_TARGET = 10.2;
				MTL_ENABLE_DEBUG_INFO = NO;
				SDKROOT = iphoneos;
				SWIFT_OPTIMIZATION_LEVEL = "-Owholemodule";
				TARGETED_DEVICE_FAMILY = "1,2";
				VALIDATE_PRODUCT = YES;
			};
			name = Release;
		};
		34F3A5331E75CDA5007EFBEF /* Debug */ = {
			isa = XCBuildConfiguration;
			buildSettings = {
				ASSETCATALOG_COMPILER_APPICON_NAME = AppIcon;
				DEVELOPMENT_TEAM = E54W6PQWX4;
				INFOPLIST_FILE = BullsEye/Info.plist;
				LD_RUNPATH_SEARCH_PATHS = "$(inherited) @executable_path/Frameworks";
				PRODUCT_BUNDLE_IDENTIFIER = com.govors.BullsEye;
				PRODUCT_NAME = "$(TARGET_NAME)";
				SWIFT_VERSION = 3.0;
			};
			name = Debug;
		};
		34F3A5341E75CDA5007EFBEF /* Release */ = {
			isa = XCBuildConfiguration;
			buildSettings = {
				ASSETCATALOG_COMPILER_APPICON_NAME = AppIcon;
				DEVELOPMENT_TEAM = E54W6PQWX4;
				INFOPLIST_FILE = BullsEye/Info.plist;
				LD_RUNPATH_SEARCH_PATHS = "$(inherited) @executable_path/Frameworks";
				PRODUCT_BUNDLE_IDENTIFIER = com.govors.BullsEye;
				PRODUCT_NAME = "$(TARGET_NAME)";
				SWIFT_VERSION = 3.0;
			};
			name = Release;
		};
/* End XCBuildConfiguration section */

/* Begin XCConfigurationList section */
		34F3A51B1E75CDA1007EFBEF /* Build configuration list for PBXProject "BullsEye" */ = {
			isa = XCConfigurationList;
			buildConfigurations = (
				34F3A5301E75CDA5007EFBEF /* Debug */,
				34F3A5311E75CDA5007EFBEF /* Release */,
			);
			defaultConfigurationIsVisible = 0;
			defaultConfigurationName = Release;
		};
		34F3A5321E75CDA5007EFBEF /* Build configuration list for PBXNativeTarget "BullsEye" */ = {
			isa = XCConfigurationList;
			buildConfigurations = (
				34F3A5331E75CDA5007EFBEF /* Debug */,
				34F3A5341E75CDA5007EFBEF /* Release */,
			);
			defaultConfigurationIsVisible = 0;
			defaultConfigurationName = Release;
		};
/* End XCConfigurationList section */
	};
	rootObject = 34F3A5181E75CDA1007EFBEF /* Project object */;
}
